
Microsoft Visual Studio Solution File, Format Version 12.00
# Visual Studio Version 16
VisualStudioVersion = 16.0.28803.156
MinimumVisualStudioVersion = 10.0.40219.1
Project("{9A19103F-16F7-4668-BE54-9A1E7A4F7556}") = "AsyncDiskQueue", "src\DiskQueue\AsyncDiskQueue.csproj", "{6E192B0C-4BDB-4AAD-9D0D-C2800645AF70}"
EndProject
Project("{9A19103F-16F7-4668-BE54-9A1E7A4F7556}") = "DiskQueue.Tests", "tests\DiskQueue.Tests\DiskQueue.Tests.csproj", "{9AFF54EA-63E4-43B0-BF19-D81DB5FA66A5}"
EndProject
Project("{9A19103F-16F7-4668-BE54-9A1E7A4F7556}") = "AsyncDiskQueue.Reactive", "src\DiskQueue.Reactive\AsyncDiskQueue.Reactive.csproj", "{889C839C-5B16-47CD-97BA-D0C5D91D4644}"
EndProject
Project("{9A19103F-16F7-4668-BE54-9A1E7A4F7556}") = "DiskQueue.Reactive.Tests", "tests\DiskQueue.Reactive.Tests\DiskQueue.Reactive.Tests.csproj", "{A904C79D-DD75-4AE0-AF46-87E84740182A}"
EndProject
Project("{9A19103F-16F7-4668-BE54-9A1E7A4F7556}") = "AsyncDiskQueue.Broker", "src\AsyncDiskQueue.Broker\AsyncDiskQueue.Broker.csproj", "{5ECF1C40-B901-483F-9326-8E37856D6009}"
EndProject
Project("{9A19103F-16F7-4668-BE54-9A1E7A4F7556}") = "AsyncDiskQueue.Broker.Tests", "tests\AsyncDiskQueue.Broker.Tests\AsyncDiskQueue.Broker.Tests.csproj", "{EB3060A4-C5EF-4B03-A525-D533F8B4B0CA}"
EndProject
Project("{FAE04EC0-301F-11D3-BF4B-00C04F79EFBC}") = "AsyncDiskQueue.Broker.Serializers.Newtonsoft", "src\AsyncDiskQueue.Broker.Serializers\AsyncDiskQueue.Broker.Serializers.Newtonsoft.csproj", "{47321C31-E49C-4531-B247-35ABC791AA49}"
EndProject
Global
	GlobalSection(SolutionConfigurationPlatforms) = preSolution
		Debug|Any CPU = Debug|Any CPU
		Release|Any CPU = Release|Any CPU
	EndGlobalSection
	GlobalSection(ProjectConfigurationPlatforms) = postSolution
		{6E192B0C-4BDB-4AAD-9D0D-C2800645AF70}.Debug|Any CPU.ActiveCfg = Debug|Any CPU
		{6E192B0C-4BDB-4AAD-9D0D-C2800645AF70}.Debug|Any CPU.Build.0 = Debug|Any CPU
		{6E192B0C-4BDB-4AAD-9D0D-C2800645AF70}.Release|Any CPU.ActiveCfg = Release|Any CPU
		{6E192B0C-4BDB-4AAD-9D0D-C2800645AF70}.Release|Any CPU.Build.0 = Release|Any CPU
		{9AFF54EA-63E4-43B0-BF19-D81DB5FA66A5}.Debug|Any CPU.ActiveCfg = Debug|Any CPU
		{9AFF54EA-63E4-43B0-BF19-D81DB5FA66A5}.Debug|Any CPU.Build.0 = Debug|Any CPU
		{9AFF54EA-63E4-43B0-BF19-D81DB5FA66A5}.Release|Any CPU.ActiveCfg = Release|Any CPU
		{9AFF54EA-63E4-43B0-BF19-D81DB5FA66A5}.Release|Any CPU.Build.0 = Release|Any CPU
		{889C839C-5B16-47CD-97BA-D0C5D91D4644}.Debug|Any CPU.ActiveCfg = Debug|Any CPU
		{889C839C-5B16-47CD-97BA-D0C5D91D4644}.Debug|Any CPU.Build.0 = Debug|Any CPU
		{889C839C-5B16-47CD-97BA-D0C5D91D4644}.Release|Any CPU.ActiveCfg = Release|Any CPU
		{889C839C-5B16-47CD-97BA-D0C5D91D4644}.Release|Any CPU.Build.0 = Release|Any CPU
		{A904C79D-DD75-4AE0-AF46-87E84740182A}.Debug|Any CPU.ActiveCfg = Debug|Any CPU
		{A904C79D-DD75-4AE0-AF46-87E84740182A}.Debug|Any CPU.Build.0 = Debug|Any CPU
		{A904C79D-DD75-4AE0-AF46-87E84740182A}.Release|Any CPU.ActiveCfg = Release|Any CPU
		{A904C79D-DD75-4AE0-AF46-87E84740182A}.Release|Any CPU.Build.0 = Release|Any CPU
		{5ECF1C40-B901-483F-9326-8E37856D6009}.Debug|Any CPU.ActiveCfg = Debug|Any CPU
		{5ECF1C40-B901-483F-9326-8E37856D6009}.Debug|Any CPU.Build.0 = Debug|Any CPU
		{5ECF1C40-B901-483F-9326-8E37856D6009}.Release|Any CPU.ActiveCfg = Release|Any CPU
		{5ECF1C40-B901-483F-9326-8E37856D6009}.Release|Any CPU.Build.0 = Release|Any CPU
		{EB3060A4-C5EF-4B03-A525-D533F8B4B0CA}.Debug|Any CPU.ActiveCfg = Debug|Any CPU
		{EB3060A4-C5EF-4B03-A525-D533F8B4B0CA}.Debug|Any CPU.Build.0 = Debug|Any CPU
		{EB3060A4-C5EF-4B03-A525-D533F8B4B0CA}.Release|Any CPU.ActiveCfg = Release|Any CPU
		{EB3060A4-C5EF-4B03-A525-D533F8B4B0CA}.Release|Any CPU.Build.0 = Release|Any CPU
		{47321C31-E49C-4531-B247-35ABC791AA49}.Debug|Any CPU.ActiveCfg = Debug|Any CPU
		{47321C31-E49C-4531-B247-35ABC791AA49}.Debug|Any CPU.Build.0 = Debug|Any CPU
		{47321C31-E49C-4531-B247-35ABC791AA49}.Release|Any CPU.ActiveCfg = Release|Any CPU
		{47321C31-E49C-4531-B247-35ABC791AA49}.Release|Any CPU.Build.0 = Release|Any CPU
	EndGlobalSection
	GlobalSection(SolutionProperties) = preSolution
		HideSolutionNode = FALSE
	EndGlobalSection
	GlobalSection(ExtensibilityGlobals) = postSolution
		SolutionGuid = {5F8D2573-E60B-415F-8D09-FD44D34D6060}
	EndGlobalSection
EndGlobal
